
Microsoft Visual Studio Solution File, Format Version 12.00
# Visual Studio Version 17
VisualStudioVersion = 17.9.34701.34
MinimumVisualStudioVersion = 10.0.40219.1
Project("{FAE04EC0-301F-11D3-BF4B-00C04F79EFBC}") = "BookLibraryRepoPettern", "BookLibraryRepoPettern\BookLibraryRepoPettern.csproj", "{4651061A-8C47-4054-A34D-52296BEF8CB2}"
EndProject
Project("{FAE04EC0-301F-11D3-BF4B-00C04F79EFBC}") = "BookLibraryRepoPetternServicelayer", "BookLibraryRepoPetternServicelayer\BookLibraryRepoPetternServicelayer.csproj", "{DCF21694-E53F-462E-B57C-D84F532AF7A8}"
EndProject
Project("{FAE04EC0-301F-11D3-BF4B-00C04F79EFBC}") = "BookLibraryRepoPetternCore", "BookLibraryRepoPetternCore\BookLibraryRepoPetternCore.csproj", "{91DFE622-52A9-4747-8A6A-A6CAD1001059}"
EndProject
Global
	GlobalSection(SolutionConfigurationPlatforms) = preSolution
		Debug|Any CPU = Debug|Any CPU
		Release|Any CPU = Release|Any CPU
	EndGlobalSection
	GlobalSection(ProjectConfigurationPlatforms) = postSolution
		{4651061A-8C47-4054-A34D-52296BEF8CB2}.Debug|Any CPU.ActiveCfg = Debug|Any CPU
		{4651061A-8C47-4054-A34D-52296BEF8CB2}.Debug|Any CPU.Build.0 = Debug|Any CPU
		{4651061A-8C47-4054-A34D-52296BEF8CB2}.Release|Any CPU.ActiveCfg = Release|Any CPU
		{4651061A-8C47-4054-A34D-52296BEF8CB2}.Release|Any CPU.Build.0 = Release|Any CPU
		{DCF21694-E53F-462E-B57C-D84F532AF7A8}.Debug|Any CPU.ActiveCfg = Debug|Any CPU
		{DCF21694-E53F-462E-B57C-D84F532AF7A8}.Debug|Any CPU.Build.0 = Debug|Any CPU
		{DCF21694-E53F-462E-B57C-D84F532AF7A8}.Release|Any CPU.ActiveCfg = Release|Any CPU
		{DCF21694-E53F-462E-B57C-D84F532AF7A8}.Release|Any CPU.Build.0 = Release|Any CPU
		{91DFE622-52A9-4747-8A6A-A6CAD1001059}.Debug|Any CPU.ActiveCfg = Debug|Any CPU
		{91DFE622-52A9-4747-8A6A-A6CAD1001059}.Debug|Any CPU.Build.0 = Debug|Any CPU
		{91DFE622-52A9-4747-8A6A-A6CAD1001059}.Release|Any CPU.ActiveCfg = Release|Any CPU
		{91DFE622-52A9-4747-8A6A-A6CAD1001059}.Release|Any CPU.Build.0 = Release|Any CPU
	EndGlobalSection
	GlobalSection(SolutionProperties) = preSolution
		HideSolutionNode = FALSE
	EndGlobalSection
	GlobalSection(ExtensibilityGlobals) = postSolution
		SolutionGuid = {E7AA4F57-D93B-4DBB-AA02-21939C72B04A}
	EndGlobalSection
EndGlobal
